{
  "requires": true,
  "lockfileVersion": 1,
  "dependencies": {
    "@types/node": {
      "version": "10.10.1",
      "resolved": "http://registry.npm.taobao.org/@types/node/download/@types/node-10.10.1.tgz",
      "integrity": "sha1-1clsokakGEBJFNGAt/3WJa0Y7KY=",
      "dev": true
    },
    "@types/zepto": {
      "version": "1.0.30",
      "resolved": "http://registry.npm.taobao.org/@types/zepto/download/@types/zepto-1.0.30.tgz",
      "integrity": "sha1-BnYTyowbYc5GQSXT2S3526CDaNg="
    }
  }
}
